
Microsoft Visual Studio Solution File, Format Version 12.00
# Visual Studio Version 17
VisualStudioVersion = 17.1.32407.343
MinimumVisualStudioVersion = 10.0.40219.1
Project("{FAE04EC0-301F-11D3-BF4B-00C04F79EFBC}") = "ColorBall", "ColorBall.csproj", "{E2EBD249-1A27-4E0D-BA1A-14F6AE537155}"
EndProject
Global
	GlobalSection(SolutionConfigurationPlatforms) = preSolution
		Debug|Any CPU = Debug|Any CPU
		Release|Any CPU = Release|Any CPU
	EndGlobalSection
	GlobalSection(ProjectConfigurationPlatforms) = postSolution
		{E2EBD249-1A27-4E0D-BA1A-14F6AE537155}.Debug|Any CPU.ActiveCfg = Debug|Any CPU
		{E2EBD249-1A27-4E0D-BA1A-14F6AE537155}.Debug|Any CPU.Build.0 = Debug|Any CPU
		{E2EBD249-1A27-4E0D-BA1A-14F6AE537155}.Release|Any CPU.ActiveCfg = Release|Any CPU
		{E2EBD249-1A27-4E0D-BA1A-14F6AE537155}.Release|Any CPU.Build.0 = Release|Any CPU
	EndGlobalSection
	GlobalSection(SolutionProperties) = preSolution
		HideSolutionNode = FALSE
	EndGlobalSection
	GlobalSection(ExtensibilityGlobals) = postSolution
		SolutionGuid = {BF09F29B-2EF5-4234-AF34-7F0BAF6C0D2C}
	EndGlobalSection
EndGlobal
